
Microsoft Visual Studio Solution File, Format Version 12.00
# Visual Studio 15
VisualStudioVersion = 15.0.26403.7
MinimumVisualStudioVersion = 10.0.40219.1
Project("{FAE04EC0-301F-11D3-BF4B-00C04F79EFBC}") = "Practica6", "Practica6\Practica6.csproj", "{CE534A1B-9C44-4045-9B1C-2D8FB216BDBF}"
EndProject
Global
	GlobalSection(SolutionConfigurationPlatforms) = preSolution
		Debug|Any CPU = Debug|Any CPU
		Release|Any CPU = Release|Any CPU
	EndGlobalSection
	GlobalSection(ProjectConfigurationPlatforms) = postSolution
		{CE534A1B-9C44-4045-9B1C-2D8FB216BDBF}.Debug|Any CPU.ActiveCfg = Debug|Any CPU
		{CE534A1B-9C44-4045-9B1C-2D8FB216BDBF}.Debug|Any CPU.Build.0 = Debug|Any CPU
		{CE534A1B-9C44-4045-9B1C-2D8FB216BDBF}.Release|Any CPU.ActiveCfg = Release|Any CPU
		{CE534A1B-9C44-4045-9B1C-2D8FB216BDBF}.Release|Any CPU.Build.0 = Release|Any CPU
	EndGlobalSection
	GlobalSection(SolutionProperties) = preSolution
		HideSolutionNode = FALSE
	EndGlobalSection
EndGlobal
